
Microsoft Visual Studio Solution File, Format Version 12.00
# Visual Studio Version 17
VisualStudioVersion = 17.10.35027.167
MinimumVisualStudioVersion = 10.0.40219.1
Project("{FAE04EC0-301F-11D3-BF4B-00C04F79EFBC}") = "StockScout", "StockScout\StockScout.csproj", "{93E44971-EA84-47BD-A426-8378CEC9F8B9}"
EndProject
Global
	GlobalSection(SolutionConfigurationPlatforms) = preSolution
		Debug|Any CPU = Debug|Any CPU
		Release|Any CPU = Release|Any CPU
	EndGlobalSection
	GlobalSection(ProjectConfigurationPlatforms) = postSolution
		{93E44971-EA84-47BD-A426-8378CEC9F8B9}.Debug|Any CPU.ActiveCfg = Debug|Any CPU
		{93E44971-EA84-47BD-A426-8378CEC9F8B9}.Debug|Any CPU.Build.0 = Debug|Any CPU
		{93E44971-EA84-47BD-A426-8378CEC9F8B9}.Release|Any CPU.ActiveCfg = Release|Any CPU
		{93E44971-EA84-47BD-A426-8378CEC9F8B9}.Release|Any CPU.Build.0 = Release|Any CPU
	EndGlobalSection
	GlobalSection(SolutionProperties) = preSolution
		HideSolutionNode = FALSE
	EndGlobalSection
	GlobalSection(ExtensibilityGlobals) = postSolution
		SolutionGuid = {976EE6F6-2F68-4A44-A631-0C937B939CA7}
	EndGlobalSection
EndGlobal
